// !$*UTF8*$!
{
	archiveVersion = 1;
	classes = {
	};
	objectVersion = 56;
	objects = {

/* Begin PBXBuildFile section */
		4F0924652C0DE0C80026DFD4 /* ProductDetailsEntity.swift in Sources */ = {isa = PBXBuildFile; fileRef = 4F0924392C0DE0C80026DFD4 /* ProductDetailsEntity.swift */; };
		4F0924662C0DE0C80026DFD4 /* ProductDetailsRepository.swift in Sources */ = {isa = PBXBuildFile; fileRef = 4F09243B2C0DE0C80026DFD4 /* ProductDetailsRepository.swift */; };
		4F0924672C0DE0C80026DFD4 /* ProductDetails.swift in Sources */ = {isa = PBXBuildFile; fileRef = 4F09243E2C0DE0C80026DFD4 /* ProductDetails.swift */; };
		4F0924682C0DE0C80026DFD4 /* ProductDetailsRepositoryProtocol.swift in Sources */ = {isa = PBXBuildFile; fileRef = 4F0924402C0DE0C80026DFD4 /* ProductDetailsRepositoryProtocol.swift */; };
		4F0924692C0DE0C80026DFD4 /* FetchProductDetailsUseCase.swift in Sources */ = {isa = PBXBuildFile; fileRef = 4F0924422C0DE0C80026DFD4 /* FetchProductDetailsUseCase.swift */; };
		4F09246A2C0DE0C80026DFD4 /* ProductDetailsView.swift in Sources */ = {isa = PBXBuildFile; fileRef = 4F0924452C0DE0C80026DFD4 /* ProductDetailsView.swift */; };
		4F09246B2C0DE0C80026DFD4 /* ProductDetailsViewModel.swift in Sources */ = {isa = PBXBuildFile; fileRef = 4F0924472C0DE0C80026DFD4 /* ProductDetailsViewModel.swift */; };
		4F09246C2C0DE0C80026DFD4 /* ProductDetailsViewModelProtocol.swift in Sources */ = {isa = PBXBuildFile; fileRef = 4F0924482C0DE0C80026DFD4 /* ProductDetailsViewModelProtocol.swift */; };
		4F09246D2C0DE0C80026DFD4 /* ProductListEntity.swift in Sources */ = {isa = PBXBuildFile; fileRef = 4F09244C2C0DE0C80026DFD4 /* ProductListEntity.swift */; };
		4F09246E2C0DE0C80026DFD4 /* ProductsRepository.swift in Sources */ = {isa = PBXBuildFile; fileRef = 4F09244E2C0DE0C80026DFD4 /* ProductsRepository.swift */; };
		4F09246F2C0DE0C80026DFD4 /* ProductCell.swift in Sources */ = {isa = PBXBuildFile; fileRef = 4F0924512C0DE0C80026DFD4 /* ProductCell.swift */; };
		4F0924702C0DE0C80026DFD4 /* ProductList.swift in Sources */ = {isa = PBXBuildFile; fileRef = 4F0924522C0DE0C80026DFD4 /* ProductList.swift */; };
		4F0924722C0DE0C80026DFD4 /* ProductsRepositoryProtocol.swift in Sources */ = {isa = PBXBuildFile; fileRef = 4F0924552C0DE0C80026DFD4 /* ProductsRepositoryProtocol.swift */; };
		4F0924732C0DE0C80026DFD4 /* FetchProductListUseCase.swift in Sources */ = {isa = PBXBuildFile; fileRef = 4F0924572C0DE0C80026DFD4 /* FetchProductListUseCase.swift */; };
		4F0924742C0DE0C80026DFD4 /* ProductCellView.swift in Sources */ = {isa = PBXBuildFile; fileRef = 4F09245A2C0DE0C80026DFD4 /* ProductCellView.swift */; };
		4F0924752C0DE0C80026DFD4 /* ShowProductListView.swift in Sources */ = {isa = PBXBuildFile; fileRef = 4F09245B2C0DE0C80026DFD4 /* ShowProductListView.swift */; };
		4F0924762C0DE0C80026DFD4 /* ProductsView.swift in Sources */ = {isa = PBXBuildFile; fileRef = 4F09245D2C0DE0C80026DFD4 /* ProductsView.swift */; };
		4F0924772C0DE0C80026DFD4 /* ProductsListViewModelProtocol.swift in Sources */ = {isa = PBXBuildFile; fileRef = 4F09245F2C0DE0C80026DFD4 /* ProductsListViewModelProtocol.swift */; };
		4F0924782C0DE0C80026DFD4 /* ProductsViewModel.swift in Sources */ = {isa = PBXBuildFile; fileRef = 4F0924602C0DE0C80026DFD4 /* ProductsViewModel.swift */; };
		4F09247E2C0DE23E0026DFD4 /* APIErrors.swift in Sources */ = {isa = PBXBuildFile; fileRef = 4F09247D2C0DE23E0026DFD4 /* APIErrors.swift */; };
		4F0924862C0DE2EB0026DFD4 /* NavigationManagerProtocol.swift in Sources */ = {isa = PBXBuildFile; fileRef = 4F0924852C0DE2EB0026DFD4 /* NavigationManagerProtocol.swift */; };
		4F0924962C0DFBF70026DFD4 /* APIRequestProtocol.swift in Sources */ = {isa = PBXBuildFile; fileRef = 4FC753342BFCAF510005703D /* APIRequestProtocol.swift */; };
		4F0924982C0DFC790026DFD4 /* MockAPIManager.swift in Sources */ = {isa = PBXBuildFile; fileRef = 4F0924912C0DF8DB0026DFD4 /* MockAPIManager.swift */; };
		4F09249D2C0DFCAB0026DFD4 /* ProductsRequest.swift in Sources */ = {isa = PBXBuildFile; fileRef = 4F0924532C0DE0C80026DFD4 /* ProductsRequest.swift */; };
		4F0924C22C0ECC270026DFD4 /* Products_Failure.json in Resources */ = {isa = PBXBuildFile; fileRef = 4FD927AF2C005BF20030D0AD /* Products_Failure.json */; };
		4F0924C32C0ECC270026DFD4 /* Products.json in Resources */ = {isa = PBXBuildFile; fileRef = 4FD927662BFE629A0030D0AD /* Products.json */; };
		4F0924C42C0ECC270026DFD4 /* ProductDetails.json in Resources */ = {isa = PBXBuildFile; fileRef = 4F20C7D62C05E2CE0057CE4C /* ProductDetails.json */; };
		4F0924C52C0ECC270026DFD4 /* ProductDetails_Failure.json in Resources */ = {isa = PBXBuildFile; fileRef = 4F20C7D52C05E2CE0057CE4C /* ProductDetails_Failure.json */; };
		4F0924CA2C1093270026DFD4 /* NetworkCheckManagerProtocol.swift in Sources */ = {isa = PBXBuildFile; fileRef = 4F0924C92C1093270026DFD4 /* NetworkCheckManagerProtocol.swift */; };
		4F0924F02C11C0A70026DFD4 /* ProductDetails_Failure.json in Resources */ = {isa = PBXBuildFile; fileRef = 4F20C7D52C05E2CE0057CE4C /* ProductDetails_Failure.json */; };
		4F0924F12C11C0A70026DFD4 /* Products_Failure.json in Resources */ = {isa = PBXBuildFile; fileRef = 4FD927AF2C005BF20030D0AD /* Products_Failure.json */; };
		4F0924F22C11C0A70026DFD4 /* ProductDetails.json in Resources */ = {isa = PBXBuildFile; fileRef = 4F20C7D62C05E2CE0057CE4C /* ProductDetails.json */; };
		4F0924F32C11C0A70026DFD4 /* Products.json in Resources */ = {isa = PBXBuildFile; fileRef = 4FD927662BFE629A0030D0AD /* Products.json */; };
		4F0925032C1302C00026DFD4 /* Kingfisher in Frameworks */ = {isa = PBXBuildFile; productRef = 4F0925022C1302C00026DFD4 /* Kingfisher */; };
		4F20C7E12C05E3090057CE4C /* ProductDetailsViewModelTest.swift in Sources */ = {isa = PBXBuildFile; fileRef = 4F20C7E02C05E3090057CE4C /* ProductDetailsViewModelTest.swift */; };
		4FB56DF22C133AD000DC5DF3 /* ImageDownloaderAuthenticationChallenge.swift in Sources */ = {isa = PBXBuildFile; fileRef = 4FB56DF12C133AD000DC5DF3 /* ImageDownloaderAuthenticationChallenge.swift */; };
		4FB56E122C173A9A00DC5DF3 /* MockProductDetailsRepository.swift in Sources */ = {isa = PBXBuildFile; fileRef = 4FB56E112C173A9A00DC5DF3 /* MockProductDetailsRepository.swift */; };
		4FB56E152C173AA300DC5DF3 /* MockFetchProductDetailsUseCase.swift in Sources */ = {isa = PBXBuildFile; fileRef = 4FB56E142C173AA300DC5DF3 /* MockFetchProductDetailsUseCase.swift */; };
		4FB56E182C173AAB00DC5DF3 /* MockProductsRepository.swift in Sources */ = {isa = PBXBuildFile; fileRef = 4FB56E172C173AAB00DC5DF3 /* MockProductsRepository.swift */; };
		4FB56E1B2C173AB200DC5DF3 /* MockFetchProductListUseCase.swift in Sources */ = {isa = PBXBuildFile; fileRef = 4FB56E1A2C173AB200DC5DF3 /* MockFetchProductListUseCase.swift */; };
		4FC753222BFCAEC10005703D /* ProductsAssignmentApp.swift in Sources */ = {isa = PBXBuildFile; fileRef = 4FC753212BFCAEC10005703D /* ProductsAssignmentApp.swift */; };
		4FC753262BFCAEC20005703D /* Assets.xcassets in Resources */ = {isa = PBXBuildFile; fileRef = 4FC753252BFCAEC20005703D /* Assets.xcassets */; };
		4FC753292BFCAEC20005703D /* Preview Assets.xcassets in Resources */ = {isa = PBXBuildFile; fileRef = 4FC753282BFCAEC20005703D /* Preview Assets.xcassets */; };
		4FC753312BFCAEF80005703D /* Endpoints.swift in Sources */ = {isa = PBXBuildFile; fileRef = 4FC753302BFCAEF80005703D /* Endpoints.swift */; };
		4FC753332BFCAF300005703D /* APIManager.swift in Sources */ = {isa = PBXBuildFile; fileRef = 4FC753322BFCAF300005703D /* APIManager.swift */; };
		4FC753382BFCAF860005703D /* Constants.swift in Sources */ = {isa = PBXBuildFile; fileRef = 4FC753372BFCAF860005703D /* Constants.swift */; };
		4FCFDF182C08AB3400B83A08 /* AppDIContainer.swift in Sources */ = {isa = PBXBuildFile; fileRef = 4FCFDF172C08AB3400B83A08 /* AppDIContainer.swift */; };
		4FCFDF1A2C09987200B83A08 /* FetchProductListUseCaseTest.swift in Sources */ = {isa = PBXBuildFile; fileRef = 4FCFDF192C09987200B83A08 /* FetchProductListUseCaseTest.swift */; };
		4FCFDF1C2C09A0D500B83A08 /* ProductsRepositoryTest.swift in Sources */ = {isa = PBXBuildFile; fileRef = 4FCFDF1B2C09A0D500B83A08 /* ProductsRepositoryTest.swift */; };
		4FCFDF1E2C09A2A100B83A08 /* FetchProductDetailsUseCaseTest.swift in Sources */ = {isa = PBXBuildFile; fileRef = 4FCFDF1D2C09A2A100B83A08 /* FetchProductDetailsUseCaseTest.swift */; };
		4FCFDF202C09A37600B83A08 /* ProductDetailsRepositoryTest.swift in Sources */ = {isa = PBXBuildFile; fileRef = 4FCFDF1F2C09A37600B83A08 /* ProductDetailsRepositoryTest.swift */; };
		4FD9274B2BFDBB160030D0AD /* Encodable.swift in Sources */ = {isa = PBXBuildFile; fileRef = 4FD9274A2BFDBB160030D0AD /* Encodable.swift */; };
		4FD927592BFDEC1C0030D0AD /* NavigationManager.swift in Sources */ = {isa = PBXBuildFile; fileRef = 4FD927582BFDEC1C0030D0AD /* NavigationManager.swift */; };
		4FD927602BFE0E0F0030D0AD /* ContentView.swift in Sources */ = {isa = PBXBuildFile; fileRef = 4FD9275F2BFE0E0F0030D0AD /* ContentView.swift */; };
		4FD9276D2BFF04720030D0AD /* BackButtonView.swift in Sources */ = {isa = PBXBuildFile; fileRef = 4FD9276C2BFF04720030D0AD /* BackButtonView.swift */; };
		4FD9277E2BFF19250030D0AD /* ProductsViewModelTest.swift in Sources */ = {isa = PBXBuildFile; fileRef = 4FD9277D2BFF19250030D0AD /* ProductsViewModelTest.swift */; };
		4FD927C12C007B780030D0AD /* ScreenNavigationTest.swift in Sources */ = {isa = PBXBuildFile; fileRef = 4FD927C02C007B780030D0AD /* ScreenNavigationTest.swift */; };
		4FD927C32C00C6190030D0AD /* APIManagerTest.swift in Sources */ = {isa = PBXBuildFile; fileRef = 4FD927C22C00C6190030D0AD /* APIManagerTest.swift */; };
		4FD927C72C00C7D70030D0AD /* NetworkCheckManager.swift in Sources */ = {isa = PBXBuildFile; fileRef = 4FD927C62C00C7D70030D0AD /* NetworkCheckManager.swift */; };
		4FD927C92C01F0C00030D0AD /* Colors.swift in Sources */ = {isa = PBXBuildFile; fileRef = 4FD927C82C01F0C00030D0AD /* Colors.swift */; };
		4FD927CB2C01FFE70030D0AD /* BackgroundView.swift in Sources */ = {isa = PBXBuildFile; fileRef = 4FD927CA2C01FFE70030D0AD /* BackgroundView.swift */; };
		4FD927CD2C031AB60030D0AD /* LoadingView.swift in Sources */ = {isa = PBXBuildFile; fileRef = 4FD927CC2C031AB60030D0AD /* LoadingView.swift */; };
		4FD927CF2C031ADA0030D0AD /* ErrorView.swift in Sources */ = {isa = PBXBuildFile; fileRef = 4FD927CE2C031ADA0030D0AD /* ErrorView.swift */; };
		4FD927D32C031D300030D0AD /* NavigationModifiers.swift in Sources */ = {isa = PBXBuildFile; fileRef = 4FD927D22C031D300030D0AD /* NavigationModifiers.swift */; };
/* End PBXBuildFile section */

/* Begin PBXContainerItemProxy section */
		4FD927782BFF15DA0030D0AD /* PBXContainerItemProxy */ = {
			isa = PBXContainerItemProxy;
			containerPortal = 4FC753162BFCAEC10005703D /* Project object */;
			proxyType = 1;
			remoteGlobalIDString = 4FC7531D2BFCAEC10005703D;
			remoteInfo = ProductsAssignment;
		};
		4FD927BB2C0078470030D0AD /* PBXContainerItemProxy */ = {
			isa = PBXContainerItemProxy;
			containerPortal = 4FC753162BFCAEC10005703D /* Project object */;
			proxyType = 1;
			remoteGlobalIDString = 4FC7531D2BFCAEC10005703D;
			remoteInfo = ProductsAssignment;
		};
/* End PBXContainerItemProxy section */

/* Begin PBXFileReference section */
		4F0924392C0DE0C80026DFD4 /* ProductDetailsEntity.swift */ = {isa = PBXFileReference; fileEncoding = 4; lastKnownFileType = sourcecode.swift; path = ProductDetailsEntity.swift; sourceTree = "<group>"; };
		4F09243B2C0DE0C80026DFD4 /* ProductDetailsRepository.swift */ = {isa = PBXFileReference; fileEncoding = 4; lastKnownFileType = sourcecode.swift; path = ProductDetailsRepository.swift; sourceTree = "<group>"; };
		4F09243E2C0DE0C80026DFD4 /* ProductDetails.swift */ = {isa = PBXFileReference; fileEncoding = 4; lastKnownFileType = sourcecode.swift; path = ProductDetails.swift; sourceTree = "<group>"; };
		4F0924402C0DE0C80026DFD4 /* ProductDetailsRepositoryProtocol.swift */ = {isa = PBXFileReference; fileEncoding = 4; lastKnownFileType = sourcecode.swift; path = ProductDetailsRepositoryProtocol.swift; sourceTree = "<group>"; };
		4F0924422C0DE0C80026DFD4 /* FetchProductDetailsUseCase.swift */ = {isa = PBXFileReference; fileEncoding = 4; lastKnownFileType = sourcecode.swift; path = FetchProductDetailsUseCase.swift; sourceTree = "<group>"; };
		4F0924452C0DE0C80026DFD4 /* ProductDetailsView.swift */ = {isa = PBXFileReference; fileEncoding = 4; lastKnownFileType = sourcecode.swift; path = ProductDetailsView.swift; sourceTree = "<group>"; };
		4F0924472C0DE0C80026DFD4 /* ProductDetailsViewModel.swift */ = {isa = PBXFileReference; fileEncoding = 4; lastKnownFileType = sourcecode.swift; path = ProductDetailsViewModel.swift; sourceTree = "<group>"; };
		4F0924482C0DE0C80026DFD4 /* ProductDetailsViewModelProtocol.swift */ = {isa = PBXFileReference; fileEncoding = 4; lastKnownFileType = sourcecode.swift; path = ProductDetailsViewModelProtocol.swift; sourceTree = "<group>"; };
		4F09244C2C0DE0C80026DFD4 /* ProductListEntity.swift */ = {isa = PBXFileReference; fileEncoding = 4; lastKnownFileType = sourcecode.swift; path = ProductListEntity.swift; sourceTree = "<group>"; };
		4F09244E2C0DE0C80026DFD4 /* ProductsRepository.swift */ = {isa = PBXFileReference; fileEncoding = 4; lastKnownFileType = sourcecode.swift; path = ProductsRepository.swift; sourceTree = "<group>"; };
		4F0924512C0DE0C80026DFD4 /* ProductCell.swift */ = {isa = PBXFileReference; fileEncoding = 4; lastKnownFileType = sourcecode.swift; path = ProductCell.swift; sourceTree = "<group>"; };
		4F0924522C0DE0C80026DFD4 /* ProductList.swift */ = {isa = PBXFileReference; fileEncoding = 4; lastKnownFileType = sourcecode.swift; path = ProductList.swift; sourceTree = "<group>"; };
		4F0924532C0DE0C80026DFD4 /* ProductsRequest.swift */ = {isa = PBXFileReference; fileEncoding = 4; lastKnownFileType = sourcecode.swift; path = ProductsRequest.swift; sourceTree = "<group>"; };
		4F0924552C0DE0C80026DFD4 /* ProductsRepositoryProtocol.swift */ = {isa = PBXFileReference; fileEncoding = 4; lastKnownFileType = sourcecode.swift; path = ProductsRepositoryProtocol.swift; sourceTree = "<group>"; };
		4F0924572C0DE0C80026DFD4 /* FetchProductListUseCase.swift */ = {isa = PBXFileReference; fileEncoding = 4; lastKnownFileType = sourcecode.swift; path = FetchProductListUseCase.swift; sourceTree = "<group>"; };
		4F09245A2C0DE0C80026DFD4 /* ProductCellView.swift */ = {isa = PBXFileReference; fileEncoding = 4; lastKnownFileType = sourcecode.swift; path = ProductCellView.swift; sourceTree = "<group>"; };
		4F09245B2C0DE0C80026DFD4 /* ShowProductListView.swift */ = {isa = PBXFileReference; fileEncoding = 4; lastKnownFileType = sourcecode.swift; path = ShowProductListView.swift; sourceTree = "<group>"; };
		4F09245D2C0DE0C80026DFD4 /* ProductsView.swift */ = {isa = PBXFileReference; fileEncoding = 4; lastKnownFileType = sourcecode.swift; path = ProductsView.swift; sourceTree = "<group>"; };
		4F09245F2C0DE0C80026DFD4 /* ProductsListViewModelProtocol.swift */ = {isa = PBXFileReference; fileEncoding = 4; lastKnownFileType = sourcecode.swift; path = ProductsListViewModelProtocol.swift; sourceTree = "<group>"; };
		4F0924602C0DE0C80026DFD4 /* ProductsViewModel.swift */ = {isa = PBXFileReference; fileEncoding = 4; lastKnownFileType = sourcecode.swift; path = ProductsViewModel.swift; sourceTree = "<group>"; };
		4F09247D2C0DE23E0026DFD4 /* APIErrors.swift */ = {isa = PBXFileReference; lastKnownFileType = sourcecode.swift; path = APIErrors.swift; sourceTree = "<group>"; };
		4F0924852C0DE2EB0026DFD4 /* NavigationManagerProtocol.swift */ = {isa = PBXFileReference; lastKnownFileType = sourcecode.swift; path = NavigationManagerProtocol.swift; sourceTree = "<group>"; };
		4F0924912C0DF8DB0026DFD4 /* MockAPIManager.swift */ = {isa = PBXFileReference; lastKnownFileType = sourcecode.swift; path = MockAPIManager.swift; sourceTree = "<group>"; };
		4F0924C92C1093270026DFD4 /* NetworkCheckManagerProtocol.swift */ = {isa = PBXFileReference; lastKnownFileType = sourcecode.swift; path = NetworkCheckManagerProtocol.swift; sourceTree = "<group>"; };
		4F20C7D52C05E2CE0057CE4C /* ProductDetails_Failure.json */ = {isa = PBXFileReference; fileEncoding = 4; lastKnownFileType = text.json; path = ProductDetails_Failure.json; sourceTree = "<group>"; };
		4F20C7D62C05E2CE0057CE4C /* ProductDetails.json */ = {isa = PBXFileReference; fileEncoding = 4; lastKnownFileType = text.json; path = ProductDetails.json; sourceTree = "<group>"; };
		4F20C7E02C05E3090057CE4C /* ProductDetailsViewModelTest.swift */ = {isa = PBXFileReference; fileEncoding = 4; lastKnownFileType = sourcecode.swift; path = ProductDetailsViewModelTest.swift; sourceTree = "<group>"; };
		4FB56DF12C133AD000DC5DF3 /* ImageDownloaderAuthenticationChallenge.swift */ = {isa = PBXFileReference; lastKnownFileType = sourcecode.swift; path = ImageDownloaderAuthenticationChallenge.swift; sourceTree = "<group>"; };
		4FB56E112C173A9A00DC5DF3 /* MockProductDetailsRepository.swift */ = {isa = PBXFileReference; fileEncoding = 4; lastKnownFileType = sourcecode.swift; path = MockProductDetailsRepository.swift; sourceTree = "<group>"; };
		4FB56E142C173AA300DC5DF3 /* MockFetchProductDetailsUseCase.swift */ = {isa = PBXFileReference; fileEncoding = 4; lastKnownFileType = sourcecode.swift; path = MockFetchProductDetailsUseCase.swift; sourceTree = "<group>"; };
		4FB56E172C173AAB00DC5DF3 /* MockProductsRepository.swift */ = {isa = PBXFileReference; fileEncoding = 4; lastKnownFileType = sourcecode.swift; path = MockProductsRepository.swift; sourceTree = "<group>"; };
		4FB56E1A2C173AB200DC5DF3 /* MockFetchProductListUseCase.swift */ = {isa = PBXFileReference; fileEncoding = 4; lastKnownFileType = sourcecode.swift; path = MockFetchProductListUseCase.swift; sourceTree = "<group>"; };
		4FC7531E2BFCAEC10005703D /* ProductsAssignment.app */ = {isa = PBXFileReference; explicitFileType = wrapper.application; includeInIndex = 0; path = ProductsAssignment.app; sourceTree = BUILT_PRODUCTS_DIR; };
		4FC753212BFCAEC10005703D /* ProductsAssignmentApp.swift */ = {isa = PBXFileReference; lastKnownFileType = sourcecode.swift; path = ProductsAssignmentApp.swift; sourceTree = "<group>"; };
		4FC753252BFCAEC20005703D /* Assets.xcassets */ = {isa = PBXFileReference; lastKnownFileType = folder.assetcatalog; path = Assets.xcassets; sourceTree = "<group>"; };
		4FC753282BFCAEC20005703D /* Preview Assets.xcassets */ = {isa = PBXFileReference; lastKnownFileType = folder.assetcatalog; path = "Preview Assets.xcassets"; sourceTree = "<group>"; };
		4FC753302BFCAEF80005703D /* Endpoints.swift */ = {isa = PBXFileReference; lastKnownFileType = sourcecode.swift; path = Endpoints.swift; sourceTree = "<group>"; };
		4FC753322BFCAF300005703D /* APIManager.swift */ = {isa = PBXFileReference; lastKnownFileType = sourcecode.swift; path = APIManager.swift; sourceTree = "<group>"; };
		4FC753342BFCAF510005703D /* APIRequestProtocol.swift */ = {isa = PBXFileReference; lastKnownFileType = sourcecode.swift; path = APIRequestProtocol.swift; sourceTree = "<group>"; };
		4FC753372BFCAF860005703D /* Constants.swift */ = {isa = PBXFileReference; lastKnownFileType = sourcecode.swift; path = Constants.swift; sourceTree = "<group>"; };
		4FCFDF172C08AB3400B83A08 /* AppDIContainer.swift */ = {isa = PBXFileReference; lastKnownFileType = sourcecode.swift; path = AppDIContainer.swift; sourceTree = "<group>"; };
		4FCFDF192C09987200B83A08 /* FetchProductListUseCaseTest.swift */ = {isa = PBXFileReference; lastKnownFileType = sourcecode.swift; path = FetchProductListUseCaseTest.swift; sourceTree = "<group>"; };
		4FCFDF1B2C09A0D500B83A08 /* ProductsRepositoryTest.swift */ = {isa = PBXFileReference; lastKnownFileType = sourcecode.swift; path = ProductsRepositoryTest.swift; sourceTree = "<group>"; };
		4FCFDF1D2C09A2A100B83A08 /* FetchProductDetailsUseCaseTest.swift */ = {isa = PBXFileReference; lastKnownFileType = sourcecode.swift; path = FetchProductDetailsUseCaseTest.swift; sourceTree = "<group>"; };
		4FCFDF1F2C09A37600B83A08 /* ProductDetailsRepositoryTest.swift */ = {isa = PBXFileReference; lastKnownFileType = sourcecode.swift; path = ProductDetailsRepositoryTest.swift; sourceTree = "<group>"; };
		4FD9274A2BFDBB160030D0AD /* Encodable.swift */ = {isa = PBXFileReference; lastKnownFileType = sourcecode.swift; path = Encodable.swift; sourceTree = "<group>"; };
		4FD927582BFDEC1C0030D0AD /* NavigationManager.swift */ = {isa = PBXFileReference; lastKnownFileType = sourcecode.swift; path = NavigationManager.swift; sourceTree = "<group>"; };
		4FD9275F2BFE0E0F0030D0AD /* ContentView.swift */ = {isa = PBXFileReference; lastKnownFileType = sourcecode.swift; path = ContentView.swift; sourceTree = "<group>"; };
		4FD927662BFE629A0030D0AD /* Products.json */ = {isa = PBXFileReference; fileEncoding = 4; lastKnownFileType = text.json; path = Products.json; sourceTree = "<group>"; };
		4FD9276C2BFF04720030D0AD /* BackButtonView.swift */ = {isa = PBXFileReference; lastKnownFileType = sourcecode.swift; path = BackButtonView.swift; sourceTree = "<group>"; };
		4FD9276F2BFF0EEA0030D0AD /* Info.plist */ = {isa = PBXFileReference; lastKnownFileType = text.plist; path = Info.plist; sourceTree = "<group>"; };
		4FD927742BFF15DA0030D0AD /* ProductsAssignmentTests.xctest */ = {isa = PBXFileReference; explicitFileType = wrapper.cfbundle; includeInIndex = 0; path = ProductsAssignmentTests.xctest; sourceTree = BUILT_PRODUCTS_DIR; };
		4FD9277D2BFF19250030D0AD /* ProductsViewModelTest.swift */ = {isa = PBXFileReference; lastKnownFileType = sourcecode.swift; path = ProductsViewModelTest.swift; sourceTree = "<group>"; };
		4FD927AF2C005BF20030D0AD /* Products_Failure.json */ = {isa = PBXFileReference; fileEncoding = 4; lastKnownFileType = text.json; path = Products_Failure.json; sourceTree = "<group>"; };
		4FD927B52C0078470030D0AD /* ProductAssignmentUITests.xctest */ = {isa = PBXFileReference; explicitFileType = wrapper.cfbundle; includeInIndex = 0; path = ProductAssignmentUITests.xctest; sourceTree = BUILT_PRODUCTS_DIR; };
		4FD927C02C007B780030D0AD /* ScreenNavigationTest.swift */ = {isa = PBXFileReference; lastKnownFileType = sourcecode.swift; path = ScreenNavigationTest.swift; sourceTree = "<group>"; };
		4FD927C22C00C6190030D0AD /* APIManagerTest.swift */ = {isa = PBXFileReference; lastKnownFileType = sourcecode.swift; path = APIManagerTest.swift; sourceTree = "<group>"; };
		4FD927C62C00C7D70030D0AD /* NetworkCheckManager.swift */ = {isa = PBXFileReference; fileEncoding = 4; lastKnownFileType = sourcecode.swift; path = NetworkCheckManager.swift; sourceTree = "<group>"; };
		4FD927C82C01F0C00030D0AD /* Colors.swift */ = {isa = PBXFileReference; lastKnownFileType = sourcecode.swift; path = Colors.swift; sourceTree = "<group>"; };
		4FD927CA2C01FFE70030D0AD /* BackgroundView.swift */ = {isa = PBXFileReference; lastKnownFileType = sourcecode.swift; path = BackgroundView.swift; sourceTree = "<group>"; };
		4FD927CC2C031AB60030D0AD /* LoadingView.swift */ = {isa = PBXFileReference; lastKnownFileType = sourcecode.swift; path = LoadingView.swift; sourceTree = "<group>"; };
		4FD927CE2C031ADA0030D0AD /* ErrorView.swift */ = {isa = PBXFileReference; lastKnownFileType = sourcecode.swift; path = ErrorView.swift; sourceTree = "<group>"; };
		4FD927D22C031D300030D0AD /* NavigationModifiers.swift */ = {isa = PBXFileReference; lastKnownFileType = sourcecode.swift; path = NavigationModifiers.swift; sourceTree = "<group>"; };
/* End PBXFileReference section */

/* Begin PBXFrameworksBuildPhase section */
		4FC7531B2BFCAEC10005703D /* Frameworks */ = {
			isa = PBXFrameworksBuildPhase;
			buildActionMask = 2147483647;
			files = (
				4F0925032C1302C00026DFD4 /* Kingfisher in Frameworks */,
			);
			runOnlyForDeploymentPostprocessing = 0;
		};
		4FD927712BFF15DA0030D0AD /* Frameworks */ = {
			isa = PBXFrameworksBuildPhase;
			buildActionMask = 2147483647;
			files = (
			);
			runOnlyForDeploymentPostprocessing = 0;
		};
		4FD927B22C0078470030D0AD /* Frameworks */ = {
			isa = PBXFrameworksBuildPhase;
			buildActionMask = 2147483647;
			files = (
			);
			runOnlyForDeploymentPostprocessing = 0;
		};
/* End PBXFrameworksBuildPhase section */

/* Begin PBXGroup section */
		4F09243A2C0DE0C80026DFD4 /* Entities */ = {
			isa = PBXGroup;
			children = (
				4F0924392C0DE0C80026DFD4 /* ProductDetailsEntity.swift */,
			);
			path = Entities;
			sourceTree = "<group>";
		};
		4F09243C2C0DE0C80026DFD4 /* Repository */ = {
			isa = PBXGroup;
			children = (
				4F09243B2C0DE0C80026DFD4 /* ProductDetailsRepository.swift */,
			);
			path = Repository;
			sourceTree = "<group>";
		};
		4F09243D2C0DE0C80026DFD4 /* Data */ = {
			isa = PBXGroup;
			children = (
				4FB56E102C173A9A00DC5DF3 /* MockRepository */,
				4F09243A2C0DE0C80026DFD4 /* Entities */,
				4F09243C2C0DE0C80026DFD4 /* Repository */,
			);
			path = Data;
			sourceTree = "<group>";
		};
		4F09243F2C0DE0C80026DFD4 /* Model */ = {
			isa = PBXGroup;
			children = (
				4F09243E2C0DE0C80026DFD4 /* ProductDetails.swift */,
			);
			path = Model;
			sourceTree = "<group>";
		};
		4F0924412C0DE0C80026DFD4 /* Repository */ = {
			isa = PBXGroup;
			children = (
				4F0924402C0DE0C80026DFD4 /* ProductDetailsRepositoryProtocol.swift */,
			);
			path = Repository;
			sourceTree = "<group>";
		};
		4F0924432C0DE0C80026DFD4 /* UseCase */ = {
			isa = PBXGroup;
			children = (
				4F0924422C0DE0C80026DFD4 /* FetchProductDetailsUseCase.swift */,
			);
			path = UseCase;
			sourceTree = "<group>";
		};
		4F0924442C0DE0C80026DFD4 /* Domain */ = {
			isa = PBXGroup;
			children = (
				4FB56E132C173AA300DC5DF3 /* MockUseCase */,
				4F09243F2C0DE0C80026DFD4 /* Model */,
				4F0924412C0DE0C80026DFD4 /* Repository */,
				4F0924432C0DE0C80026DFD4 /* UseCase */,
			);
			path = Domain;
			sourceTree = "<group>";
		};
		4F0924462C0DE0C80026DFD4 /* View */ = {
			isa = PBXGroup;
			children = (
				4F0924452C0DE0C80026DFD4 /* ProductDetailsView.swift */,
			);
			path = View;
			sourceTree = "<group>";
		};
		4F0924492C0DE0C80026DFD4 /* ViewModel */ = {
			isa = PBXGroup;
			children = (
				4F0924472C0DE0C80026DFD4 /* ProductDetailsViewModel.swift */,
				4F0924482C0DE0C80026DFD4 /* ProductDetailsViewModelProtocol.swift */,
			);
			path = ViewModel;
			sourceTree = "<group>";
		};
		4F09244A2C0DE0C80026DFD4 /* Presentation */ = {
			isa = PBXGroup;
			children = (
				4F0924462C0DE0C80026DFD4 /* View */,
				4F0924492C0DE0C80026DFD4 /* ViewModel */,
			);
			path = Presentation;
			sourceTree = "<group>";
		};
		4F09244B2C0DE0C80026DFD4 /* ProductDetails */ = {
			isa = PBXGroup;
			children = (
				4F09243D2C0DE0C80026DFD4 /* Data */,
				4F0924442C0DE0C80026DFD4 /* Domain */,
				4F09244A2C0DE0C80026DFD4 /* Presentation */,
			);
			path = ProductDetails;
			sourceTree = "<group>";
		};
		4F09244D2C0DE0C80026DFD4 /* Entities */ = {
			isa = PBXGroup;
			children = (
				4F09244C2C0DE0C80026DFD4 /* ProductListEntity.swift */,
			);
			path = Entities;
			sourceTree = "<group>";
		};
		4F09244F2C0DE0C80026DFD4 /* Repository */ = {
			isa = PBXGroup;
			children = (
				4F09244E2C0DE0C80026DFD4 /* ProductsRepository.swift */,
			);
			path = Repository;
			sourceTree = "<group>";
		};
		4F0924502C0DE0C80026DFD4 /* Data */ = {
			isa = PBXGroup;
			children = (
				4FB56E162C173AAB00DC5DF3 /* MockRepository */,
				4F09244D2C0DE0C80026DFD4 /* Entities */,
				4F09244F2C0DE0C80026DFD4 /* Repository */,
			);
			path = Data;
			sourceTree = "<group>";
		};
		4F0924542C0DE0C80026DFD4 /* Model */ = {
			isa = PBXGroup;
			children = (
				4F0924512C0DE0C80026DFD4 /* ProductCell.swift */,
				4F0924522C0DE0C80026DFD4 /* ProductList.swift */,
				4F0924532C0DE0C80026DFD4 /* ProductsRequest.swift */,
			);
			path = Model;
			sourceTree = "<group>";
		};
		4F0924562C0DE0C80026DFD4 /* Repository */ = {
			isa = PBXGroup;
			children = (
				4F0924552C0DE0C80026DFD4 /* ProductsRepositoryProtocol.swift */,
			);
			path = Repository;
			sourceTree = "<group>";
		};
		4F0924582C0DE0C80026DFD4 /* UseCase */ = {
			isa = PBXGroup;
			children = (
				4F0924572C0DE0C80026DFD4 /* FetchProductListUseCase.swift */,
			);
			path = UseCase;
			sourceTree = "<group>";
		};
		4F0924592C0DE0C80026DFD4 /* Domain */ = {
			isa = PBXGroup;
			children = (
				4FB56E192C173AB200DC5DF3 /* MockUseCase */,
				4F0924542C0DE0C80026DFD4 /* Model */,
				4F0924562C0DE0C80026DFD4 /* Repository */,
				4F0924582C0DE0C80026DFD4 /* UseCase */,
			);
			path = Domain;
			sourceTree = "<group>";
		};
		4F09245C2C0DE0C80026DFD4 /* ChildViews */ = {
			isa = PBXGroup;
			children = (
				4F09245A2C0DE0C80026DFD4 /* ProductCellView.swift */,
				4F09245B2C0DE0C80026DFD4 /* ShowProductListView.swift */,
			);
			path = ChildViews;
			sourceTree = "<group>";
		};
		4F09245E2C0DE0C80026DFD4 /* View */ = {
			isa = PBXGroup;
			children = (
				4F09245C2C0DE0C80026DFD4 /* ChildViews */,
				4F09245D2C0DE0C80026DFD4 /* ProductsView.swift */,
			);
			path = View;
			sourceTree = "<group>";
		};
		4F0924612C0DE0C80026DFD4 /* ViewModel */ = {
			isa = PBXGroup;
			children = (
				4F09245F2C0DE0C80026DFD4 /* ProductsListViewModelProtocol.swift */,
				4F0924602C0DE0C80026DFD4 /* ProductsViewModel.swift */,
			);
			path = ViewModel;
			sourceTree = "<group>";
		};
		4F0924622C0DE0C80026DFD4 /* Presentation */ = {
			isa = PBXGroup;
			children = (
				4F09245E2C0DE0C80026DFD4 /* View */,
				4F0924612C0DE0C80026DFD4 /* ViewModel */,
			);
			path = Presentation;
			sourceTree = "<group>";
		};
		4F0924632C0DE0C80026DFD4 /* ProductList */ = {
			isa = PBXGroup;
			children = (
				4F0924502C0DE0C80026DFD4 /* Data */,
				4F0924592C0DE0C80026DFD4 /* Domain */,
				4F0924622C0DE0C80026DFD4 /* Presentation */,
			);
			path = ProductList;
			sourceTree = "<group>";
		};
		4F0924642C0DE0C80026DFD4 /* Modules */ = {
			isa = PBXGroup;
			children = (
				4F09244B2C0DE0C80026DFD4 /* ProductDetails */,
				4F0924632C0DE0C80026DFD4 /* ProductList */,
			);
			path = Modules;
			sourceTree = "<group>";
		};
		4F0924972C0DFC5E0026DFD4 /* MockAPIManager */ = {
			isa = PBXGroup;
			children = (
				4F0924912C0DF8DB0026DFD4 /* MockAPIManager.swift */,
			);
			path = MockAPIManager;
			sourceTree = "<group>";
		};
		4F0924C12C0EC6800026DFD4 /* Resources */ = {
			isa = PBXGroup;
			children = (
				4FD927652BFE61E30030D0AD /* MockResponses */,
			);
			path = Resources;
			sourceTree = "<group>";
		};
		4F0924D72C11B0D10026DFD4 /* Frameworks */ = {
			isa = PBXGroup;
			children = (
			);
			name = Frameworks;
			sourceTree = "<group>";
		};
		4FB56E102C173A9A00DC5DF3 /* MockRepository */ = {
			isa = PBXGroup;
			children = (
				4FB56E112C173A9A00DC5DF3 /* MockProductDetailsRepository.swift */,
			);
			path = MockRepository;
			sourceTree = "<group>";
		};
		4FB56E132C173AA300DC5DF3 /* MockUseCase */ = {
			isa = PBXGroup;
			children = (
				4FB56E142C173AA300DC5DF3 /* MockFetchProductDetailsUseCase.swift */,
			);
			path = MockUseCase;
			sourceTree = "<group>";
		};
		4FB56E162C173AAB00DC5DF3 /* MockRepository */ = {
			isa = PBXGroup;
			children = (
				4FB56E172C173AAB00DC5DF3 /* MockProductsRepository.swift */,
			);
			path = MockRepository;
			sourceTree = "<group>";
		};
		4FB56E192C173AB200DC5DF3 /* MockUseCase */ = {
			isa = PBXGroup;
			children = (
				4FB56E1A2C173AB200DC5DF3 /* MockFetchProductListUseCase.swift */,
			);
			path = MockUseCase;
			sourceTree = "<group>";
		};
		4FC753152BFCAEC10005703D = {
			isa = PBXGroup;
			children = (
				4FC753202BFCAEC10005703D /* ProductsAssignment */,
				4FD927752BFF15DA0030D0AD /* ProductsAssignmentTests */,
				4FD927B62C0078470030D0AD /* ProductAssignmentUITests */,
				4FC7531F2BFCAEC10005703D /* Products */,
				4F0924D72C11B0D10026DFD4 /* Frameworks */,
			);
			sourceTree = "<group>";
		};
		4FC7531F2BFCAEC10005703D /* Products */ = {
			isa = PBXGroup;
			children = (
				4FC7531E2BFCAEC10005703D /* ProductsAssignment.app */,
				4FD927742BFF15DA0030D0AD /* ProductsAssignmentTests.xctest */,
				4FD927B52C0078470030D0AD /* ProductAssignmentUITests.xctest */,
			);
			name = Products;
			sourceTree = "<group>";
		};
		4FC753202BFCAEC10005703D /* ProductsAssignment */ = {
			isa = PBXGroup;
			children = (
				4FD9276F2BFF0EEA0030D0AD /* Info.plist */,
				4FD9275E2BFE0DF30030D0AD /* App */,
				4FD927572BFDEC060030D0AD /* Navigation */,
				4FCFDF162C08AB0600B83A08 /* DependencyInjection */,
				4F0924642C0DE0C80026DFD4 /* Modules */,
				4FD9276B2BFF04540030D0AD /* Components */,
				4FC753362BFCAF680005703D /* Constants */,
				4FD927C42C00C7980030D0AD /* Utility */,
				4FC7532F2BFCAEC80005703D /* Webservice */,
				4FDC8BAD2C045D3E00975A71 /* Resources */,
				4FC753272BFCAEC20005703D /* Preview Content */,
			);
			path = ProductsAssignment;
			sourceTree = "<group>";
		};
		4FC753272BFCAEC20005703D /* Preview Content */ = {
			isa = PBXGroup;
			children = (
				4FC753282BFCAEC20005703D /* Preview Assets.xcassets */,
			);
			path = "Preview Content";
			sourceTree = "<group>";
		};
		4FC7532F2BFCAEC80005703D /* Webservice */ = {
			isa = PBXGroup;
			children = (
				4FC753302BFCAEF80005703D /* Endpoints.swift */,
				4FC753342BFCAF510005703D /* APIRequestProtocol.swift */,
				4FC753322BFCAF300005703D /* APIManager.swift */,
				4F09247D2C0DE23E0026DFD4 /* APIErrors.swift */,
			);
			path = Webservice;
			sourceTree = "<group>";
		};
		4FC753362BFCAF680005703D /* Constants */ = {
			isa = PBXGroup;
			children = (
				4FC753372BFCAF860005703D /* Constants.swift */,
			);
			path = Constants;
			sourceTree = "<group>";
		};
		4FC753392BFCAFC10005703D /* Extensions */ = {
			isa = PBXGroup;
			children = (
				4FD9274A2BFDBB160030D0AD /* Encodable.swift */,
				4FD927C82C01F0C00030D0AD /* Colors.swift */,
			);
			path = Extensions;
			sourceTree = "<group>";
		};
		4FCFDF162C08AB0600B83A08 /* DependencyInjection */ = {
			isa = PBXGroup;
			children = (
				4FCFDF172C08AB3400B83A08 /* AppDIContainer.swift */,
			);
			path = DependencyInjection;
			sourceTree = "<group>";
		};
		4FCFDF212C09A72E00B83A08 /* ProductListTests */ = {
			isa = PBXGroup;
			children = (
				4FD9277D2BFF19250030D0AD /* ProductsViewModelTest.swift */,
				4FCFDF192C09987200B83A08 /* FetchProductListUseCaseTest.swift */,
				4FCFDF1B2C09A0D500B83A08 /* ProductsRepositoryTest.swift */,
			);
			path = ProductListTests;
			sourceTree = "<group>";
		};
		4FCFDF222C09A74300B83A08 /* ProductDetailsTests */ = {
			isa = PBXGroup;
			children = (
				4F20C7E02C05E3090057CE4C /* ProductDetailsViewModelTest.swift */,
				4FCFDF1D2C09A2A100B83A08 /* FetchProductDetailsUseCaseTest.swift */,
				4FCFDF1F2C09A37600B83A08 /* ProductDetailsRepositoryTest.swift */,
			);
			path = ProductDetailsTests;
			sourceTree = "<group>";
		};
		4FD927572BFDEC060030D0AD /* Navigation */ = {
			isa = PBXGroup;
			children = (
				4FD927582BFDEC1C0030D0AD /* NavigationManager.swift */,
				4F0924852C0DE2EB0026DFD4 /* NavigationManagerProtocol.swift */,
			);
			path = Navigation;
			sourceTree = "<group>";
		};
		4FD9275E2BFE0DF30030D0AD /* App */ = {
			isa = PBXGroup;
			children = (
				4FC753212BFCAEC10005703D /* ProductsAssignmentApp.swift */,
				4FD9275F2BFE0E0F0030D0AD /* ContentView.swift */,
			);
			path = App;
			sourceTree = "<group>";
		};
		4FD927652BFE61E30030D0AD /* MockResponses */ = {
			isa = PBXGroup;
			children = (
				4F20C7D52C05E2CE0057CE4C /* ProductDetails_Failure.json */,
				4F20C7D62C05E2CE0057CE4C /* ProductDetails.json */,
				4FD927AF2C005BF20030D0AD /* Products_Failure.json */,
				4FD927662BFE629A0030D0AD /* Products.json */,
			);
			path = MockResponses;
			sourceTree = "<group>";
		};
		4FD9276B2BFF04540030D0AD /* Components */ = {
			isa = PBXGroup;
			children = (
				4FD927CE2C031ADA0030D0AD /* ErrorView.swift */,
				4FD927CC2C031AB60030D0AD /* LoadingView.swift */,
				4FD927CA2C01FFE70030D0AD /* BackgroundView.swift */,
				4FD9276C2BFF04720030D0AD /* BackButtonView.swift */,
				4FD927D22C031D300030D0AD /* NavigationModifiers.swift */,
			);
			path = Components;
			sourceTree = "<group>";
		};
		4FD927752BFF15DA0030D0AD /* ProductsAssignmentTests */ = {
			isa = PBXGroup;
			children = (
				4F0924C12C0EC6800026DFD4 /* Resources */,
				4F0924972C0DFC5E0026DFD4 /* MockAPIManager */,
				4FCFDF222C09A74300B83A08 /* ProductDetailsTests */,
				4FCFDF212C09A72E00B83A08 /* ProductListTests */,
				4FD927C22C00C6190030D0AD /* APIManagerTest.swift */,
			);
			path = ProductsAssignmentTests;
			sourceTree = "<group>";
		};
		4FD927B62C0078470030D0AD /* ProductAssignmentUITests */ = {
			isa = PBXGroup;
			children = (
				4FD927C02C007B780030D0AD /* ScreenNavigationTest.swift */,
			);
			path = ProductAssignmentUITests;
			sourceTree = "<group>";
		};
		4FD927C42C00C7980030D0AD /* Utility */ = {
			isa = PBXGroup;
			children = (
				4FC753392BFCAFC10005703D /* Extensions */,
				4FD927C52C00C7A40030D0AD /* NetworkCheckManager */,
				4FB56DF12C133AD000DC5DF3 /* ImageDownloaderAuthenticationChallenge.swift */,
			);
			path = Utility;
			sourceTree = "<group>";
		};
		4FD927C52C00C7A40030D0AD /* NetworkCheckManager */ = {
			isa = PBXGroup;
			children = (
				4FD927C62C00C7D70030D0AD /* NetworkCheckManager.swift */,
				4F0924C92C1093270026DFD4 /* NetworkCheckManagerProtocol.swift */,
			);
			path = NetworkCheckManager;
			sourceTree = "<group>";
		};
		4FDC8BAD2C045D3E00975A71 /* Resources */ = {
			isa = PBXGroup;
			children = (
				4FC753252BFCAEC20005703D /* Assets.xcassets */,
			);
			path = Resources;
			sourceTree = "<group>";
		};
/* End PBXGroup section */

/* Begin PBXNativeTarget section */
		4FC7531D2BFCAEC10005703D /* ProductsAssignment */ = {
			isa = PBXNativeTarget;
			buildConfigurationList = 4FC7532C2BFCAEC20005703D /* Build configuration list for PBXNativeTarget "ProductsAssignment" */;
			buildPhases = (
				4FC7531A2BFCAEC10005703D /* Sources */,
				4FC7531B2BFCAEC10005703D /* Frameworks */,
				4FC7531C2BFCAEC10005703D /* Resources */,
			);
			buildRules = (
			);
			dependencies = (
			);
			name = ProductsAssignment;
			packageProductDependencies = (
				4F0925022C1302C00026DFD4 /* Kingfisher */,
			);
			productName = ProductsAssignment;
			productReference = 4FC7531E2BFCAEC10005703D /* ProductsAssignment.app */;
			productType = "com.apple.product-type.application";
		};
		4FD927732BFF15DA0030D0AD /* ProductsAssignmentTests */ = {
			isa = PBXNativeTarget;
			buildConfigurationList = 4FD9277A2BFF15DA0030D0AD /* Build configuration list for PBXNativeTarget "ProductsAssignmentTests" */;
			buildPhases = (
				4FD927702BFF15DA0030D0AD /* Sources */,
				4FD927712BFF15DA0030D0AD /* Frameworks */,
				4FD927722BFF15DA0030D0AD /* Resources */,
			);
			buildRules = (
			);
			dependencies = (
				4FD927792BFF15DA0030D0AD /* PBXTargetDependency */,
			);
			name = ProductsAssignmentTests;
			packageProductDependencies = (
			);
			productName = ProductsAssignmentTests;
			productReference = 4FD927742BFF15DA0030D0AD /* ProductsAssignmentTests.xctest */;
			productType = "com.apple.product-type.bundle.unit-test";
		};
		4FD927B42C0078470030D0AD /* ProductAssignmentUITests */ = {
			isa = PBXNativeTarget;
			buildConfigurationList = 4FD927BD2C0078470030D0AD /* Build configuration list for PBXNativeTarget "ProductAssignmentUITests" */;
			buildPhases = (
				4FD927B12C0078470030D0AD /* Sources */,
				4FD927B22C0078470030D0AD /* Frameworks */,
				4FD927B32C0078470030D0AD /* Resources */,
			);
			buildRules = (
			);
			dependencies = (
				4FD927BC2C0078470030D0AD /* PBXTargetDependency */,
			);
			name = ProductAssignmentUITests;
			packageProductDependencies = (
			);
			productName = ProductAssignmentUITests;
			productReference = 4FD927B52C0078470030D0AD /* ProductAssignmentUITests.xctest */;
			productType = "com.apple.product-type.bundle.ui-testing";
		};
/* End PBXNativeTarget section */

/* Begin PBXProject section */
		4FC753162BFCAEC10005703D /* Project object */ = {
			isa = PBXProject;
			attributes = {
				BuildIndependentTargetsInParallel = 1;
				LastSwiftUpdateCheck = 1530;
				LastUpgradeCheck = 1530;
				TargetAttributes = {
					4FC7531D2BFCAEC10005703D = {
						CreatedOnToolsVersion = 15.3;
					};
					4FD927732BFF15DA0030D0AD = {
						CreatedOnToolsVersion = 15.3;
						TestTargetID = 4FC7531D2BFCAEC10005703D;
					};
					4FD927B42C0078470030D0AD = {
						CreatedOnToolsVersion = 15.3;
						TestTargetID = 4FC7531D2BFCAEC10005703D;
					};
				};
			};
			buildConfigurationList = 4FC753192BFCAEC10005703D /* Build configuration list for PBXProject "ProductsAssignment" */;
			compatibilityVersion = "Xcode 14.0";
			developmentRegion = en;
			hasScannedForEncodings = 0;
			knownRegions = (
				en,
				Base,
			);
			mainGroup = 4FC753152BFCAEC10005703D;
			packageReferences = (
				4F0924FE2C13017E0026DFD4 /* XCRemoteSwiftPackageReference "Kingfisher" */,
			);
			productRefGroup = 4FC7531F2BFCAEC10005703D /* Products */;
			projectDirPath = "";
			projectRoot = "";
			targets = (
				4FC7531D2BFCAEC10005703D /* ProductsAssignment */,
				4FD927732BFF15DA0030D0AD /* ProductsAssignmentTests */,
				4FD927B42C0078470030D0AD /* ProductAssignmentUITests */,
			);
		};
/* End PBXProject section */

/* Begin PBXResourcesBuildPhase section */
		4FC7531C2BFCAEC10005703D /* Resources */ = {
			isa = PBXResourcesBuildPhase;
			buildActionMask = 2147483647;
			files = (
				4FC753292BFCAEC20005703D /* Preview Assets.xcassets in Resources */,
				4F0924C22C0ECC270026DFD4 /* Products_Failure.json in Resources */,
				4F0924C32C0ECC270026DFD4 /* Products.json in Resources */,
				4F0924C42C0ECC270026DFD4 /* ProductDetails.json in Resources */,
				4F0924C52C0ECC270026DFD4 /* ProductDetails_Failure.json in Resources */,
				4FC753262BFCAEC20005703D /* Assets.xcassets in Resources */,
			);
			runOnlyForDeploymentPostprocessing = 0;
		};
		4FD927722BFF15DA0030D0AD /* Resources */ = {
			isa = PBXResourcesBuildPhase;
			buildActionMask = 2147483647;
			files = (
			);
			runOnlyForDeploymentPostprocessing = 0;
		};
		4FD927B32C0078470030D0AD /* Resources */ = {
			isa = PBXResourcesBuildPhase;
			buildActionMask = 2147483647;
			files = (
				4F0924F02C11C0A70026DFD4 /* ProductDetails_Failure.json in Resources */,
				4F0924F12C11C0A70026DFD4 /* Products_Failure.json in Resources */,
				4F0924F22C11C0A70026DFD4 /* ProductDetails.json in Resources */,
				4F0924F32C11C0A70026DFD4 /* Products.json in Resources */,
			);
			runOnlyForDeploymentPostprocessing = 0;
		};
/* End PBXResourcesBuildPhase section */

/* Begin PBXSourcesBuildPhase section */
		4FC7531A2BFCAEC10005703D /* Sources */ = {
			isa = PBXSourcesBuildPhase;
			buildActionMask = 2147483647;
			files = (
				4FB56E152C173AA300DC5DF3 /* MockFetchProductDetailsUseCase.swift in Sources */,
				4FD927CB2C01FFE70030D0AD /* BackgroundView.swift in Sources */,
				4F09249D2C0DFCAB0026DFD4 /* ProductsRequest.swift in Sources */,
				4FC753332BFCAF300005703D /* APIManager.swift in Sources */,
				4F0924672C0DE0C80026DFD4 /* ProductDetails.swift in Sources */,
				4F0924702C0DE0C80026DFD4 /* ProductList.swift in Sources */,
				4F0924742C0DE0C80026DFD4 /* ProductCellView.swift in Sources */,
				4FD927592BFDEC1C0030D0AD /* NavigationManager.swift in Sources */,
				4FB56DF22C133AD000DC5DF3 /* ImageDownloaderAuthenticationChallenge.swift in Sources */,
				4F09246F2C0DE0C80026DFD4 /* ProductCell.swift in Sources */,
				4F0924762C0DE0C80026DFD4 /* ProductsView.swift in Sources */,
				4F0924732C0DE0C80026DFD4 /* FetchProductListUseCase.swift in Sources */,
				4F09246A2C0DE0C80026DFD4 /* ProductDetailsView.swift in Sources */,
				4FB56E182C173AAB00DC5DF3 /* MockProductsRepository.swift in Sources */,
				4F0924CA2C1093270026DFD4 /* NetworkCheckManagerProtocol.swift in Sources */,
				4FCFDF182C08AB3400B83A08 /* AppDIContainer.swift in Sources */,
				4FB56E122C173A9A00DC5DF3 /* MockProductDetailsRepository.swift in Sources */,
				4F0924682C0DE0C80026DFD4 /* ProductDetailsRepositoryProtocol.swift in Sources */,
				4FD927CF2C031ADA0030D0AD /* ErrorView.swift in Sources */,
				4F0924782C0DE0C80026DFD4 /* ProductsViewModel.swift in Sources */,
				4FD927602BFE0E0F0030D0AD /* ContentView.swift in Sources */,
				4F09246D2C0DE0C80026DFD4 /* ProductListEntity.swift in Sources */,
				4F0924982C0DFC790026DFD4 /* MockAPIManager.swift in Sources */,
				4FD9276D2BFF04720030D0AD /* BackButtonView.swift in Sources */,
				4F09246B2C0DE0C80026DFD4 /* ProductDetailsViewModel.swift in Sources */,
				4F09246C2C0DE0C80026DFD4 /* ProductDetailsViewModelProtocol.swift in Sources */,
				4FD927D32C031D300030D0AD /* NavigationModifiers.swift in Sources */,
				4FC753312BFCAEF80005703D /* Endpoints.swift in Sources */,
				4F0924662C0DE0C80026DFD4 /* ProductDetailsRepository.swift in Sources */,
				4FD927C92C01F0C00030D0AD /* Colors.swift in Sources */,
				4F0924752C0DE0C80026DFD4 /* ShowProductListView.swift in Sources */,
				4F09246E2C0DE0C80026DFD4 /* ProductsRepository.swift in Sources */,
				4F0924652C0DE0C80026DFD4 /* ProductDetailsEntity.swift in Sources */,
				4F0924962C0DFBF70026DFD4 /* APIRequestProtocol.swift in Sources */,
				4FD9274B2BFDBB160030D0AD /* Encodable.swift in Sources */,
				4F0924772C0DE0C80026DFD4 /* ProductsListViewModelProtocol.swift in Sources */,
				4FC753222BFCAEC10005703D /* ProductsAssignmentApp.swift in Sources */,
				4FC753382BFCAF860005703D /* Constants.swift in Sources */,
				4FB56E1B2C173AB200DC5DF3 /* MockFetchProductListUseCase.swift in Sources */,
				4F0924862C0DE2EB0026DFD4 /* NavigationManagerProtocol.swift in Sources */,
				4FD927C72C00C7D70030D0AD /* NetworkCheckManager.swift in Sources */,
				4F09247E2C0DE23E0026DFD4 /* APIErrors.swift in Sources */,
				4F0924692C0DE0C80026DFD4 /* FetchProductDetailsUseCase.swift in Sources */,
				4F0924722C0DE0C80026DFD4 /* ProductsRepositoryProtocol.swift in Sources */,
				4FD927CD2C031AB60030D0AD /* LoadingView.swift in Sources */,
			);
			runOnlyForDeploymentPostprocessing = 0;
		};
		4FD927702BFF15DA0030D0AD /* Sources */ = {
			isa = PBXSourcesBuildPhase;
			buildActionMask = 2147483647;
			files = (
				4FCFDF1A2C09987200B83A08 /* FetchProductListUseCaseTest.swift in Sources */,
				4FCFDF202C09A37600B83A08 /* ProductDetailsRepositoryTest.swift in Sources */,
				4FCFDF1E2C09A2A100B83A08 /* FetchProductDetailsUseCaseTest.swift in Sources */,
				4FD927C32C00C6190030D0AD /* APIManagerTest.swift in Sources */,
				4FD9277E2BFF19250030D0AD /* ProductsViewModelTest.swift in Sources */,
				4FCFDF1C2C09A0D500B83A08 /* ProductsRepositoryTest.swift in Sources */,
				4F20C7E12C05E3090057CE4C /* ProductDetailsViewModelTest.swift in Sources */,
			);
			runOnlyForDeploymentPostprocessing = 0;
		};
		4FD927B12C0078470030D0AD /* Sources */ = {
			isa = PBXSourcesBuildPhase;
			buildActionMask = 2147483647;
			files = (
				4FD927C12C007B780030D0AD /* ScreenNavigationTest.swift in Sources */,
			);
			runOnlyForDeploymentPostprocessing = 0;
		};
/* End PBXSourcesBuildPhase section */

/* Begin PBXTargetDependency section */
		4FD927792BFF15DA0030D0AD /* PBXTargetDependency */ = {
			isa = PBXTargetDependency;
			target = 4FC7531D2BFCAEC10005703D /* ProductsAssignment */;
			targetProxy = 4FD927782BFF15DA0030D0AD /* PBXContainerItemProxy */;
		};
		4FD927BC2C0078470030D0AD /* PBXTargetDependency */ = {
			isa = PBXTargetDependency;
			target = 4FC7531D2BFCAEC10005703D /* ProductsAssignment */;
			targetProxy = 4FD927BB2C0078470030D0AD /* PBXContainerItemProxy */;
		};
/* End PBXTargetDependency section */

/* Begin XCBuildConfiguration section */
		4FC7532A2BFCAEC20005703D /* Debug */ = {
			isa = XCBuildConfiguration;
			buildSettings = {
				ALWAYS_SEARCH_USER_PATHS = NO;
				ASSETCATALOG_COMPILER_GENERATE_SWIFT_ASSET_SYMBOL_EXTENSIONS = YES;
				CLANG_ANALYZER_NONNULL = YES;
				CLANG_ANALYZER_NUMBER_OBJECT_CONVERSION = YES_AGGRESSIVE;
				CLANG_CXX_LANGUAGE_STANDARD = "gnu++20";
				CLANG_ENABLE_MODULES = YES;
				CLANG_ENABLE_OBJC_ARC = YES;
				CLANG_ENABLE_OBJC_WEAK = YES;
				CLANG_WARN_BLOCK_CAPTURE_AUTORELEASING = YES;
				CLANG_WARN_BOOL_CONVERSION = YES;
				CLANG_WARN_COMMA = YES;
				CLANG_WARN_CONSTANT_CONVERSION = YES;
				CLANG_WARN_DEPRECATED_OBJC_IMPLEMENTATIONS = YES;
				CLANG_WARN_DIRECT_OBJC_ISA_USAGE = YES_ERROR;
				CLANG_WARN_DOCUMENTATION_COMMENTS = YES;
				CLANG_WARN_EMPTY_BODY = YES;
				CLANG_WARN_ENUM_CONVERSION = YES;
				CLANG_WARN_INFINITE_RECURSION = YES;
				CLANG_WARN_INT_CONVERSION = YES;
				CLANG_WARN_NON_LITERAL_NULL_CONVERSION = YES;
				CLANG_WARN_OBJC_IMPLICIT_RETAIN_SELF = YES;
				CLANG_WARN_OBJC_LITERAL_CONVERSION = YES;
				CLANG_WARN_OBJC_ROOT_CLASS = YES_ERROR;
				CLANG_WARN_QUOTED_INCLUDE_IN_FRAMEWORK_HEADER = YES;
				CLANG_WARN_RANGE_LOOP_ANALYSIS = YES;
				CLANG_WARN_STRICT_PROTOTYPES = YES;
				CLANG_WARN_SUSPICIOUS_MOVE = YES;
				CLANG_WARN_UNGUARDED_AVAILABILITY = YES_AGGRESSIVE;
				CLANG_WARN_UNREACHABLE_CODE = YES;
				CLANG_WARN__DUPLICATE_METHOD_MATCH = YES;
				COPY_PHASE_STRIP = NO;
				DEBUG_INFORMATION_FORMAT = dwarf;
				ENABLE_STRICT_OBJC_MSGSEND = YES;
				ENABLE_TESTABILITY = YES;
				ENABLE_USER_SCRIPT_SANDBOXING = YES;
				GCC_C_LANGUAGE_STANDARD = gnu17;
				GCC_DYNAMIC_NO_PIC = NO;
				GCC_NO_COMMON_BLOCKS = YES;
				GCC_OPTIMIZATION_LEVEL = 0;
				GCC_PREPROCESSOR_DEFINITIONS = (
					"DEBUG=1",
					"$(inherited)",
				);
				GCC_WARN_64_TO_32_BIT_CONVERSION = YES;
				GCC_WARN_ABOUT_RETURN_TYPE = YES_ERROR;
				GCC_WARN_UNDECLARED_SELECTOR = YES;
				GCC_WARN_UNINITIALIZED_AUTOS = YES_AGGRESSIVE;
				GCC_WARN_UNUSED_FUNCTION = YES;
				GCC_WARN_UNUSED_VARIABLE = YES;
				IPHONEOS_DEPLOYMENT_TARGET = 16.0;
				LOCALIZATION_PREFERS_STRING_CATALOGS = YES;
				MTL_ENABLE_DEBUG_INFO = INCLUDE_SOURCE;
				MTL_FAST_MATH = YES;
				ONLY_ACTIVE_ARCH = YES;
				SDKROOT = iphoneos;
				SWIFT_ACTIVE_COMPILATION_CONDITIONS = "DEBUG $(inherited)";
				SWIFT_OPTIMIZATION_LEVEL = "-Onone";
			};
			name = Debug;
		};
		4FC7532B2BFCAEC20005703D /* Release */ = {
			isa = XCBuildConfiguration;
			buildSettings = {
				ALWAYS_SEARCH_USER_PATHS = NO;
				ASSETCATALOG_COMPILER_GENERATE_SWIFT_ASSET_SYMBOL_EXTENSIONS = YES;
				CLANG_ANALYZER_NONNULL = YES;
				CLANG_ANALYZER_NUMBER_OBJECT_CONVERSION = YES_AGGRESSIVE;
				CLANG_CXX_LANGUAGE_STANDARD = "gnu++20";
				CLANG_ENABLE_MODULES = YES;
				CLANG_ENABLE_OBJC_ARC = YES;
				CLANG_ENABLE_OBJC_WEAK = YES;
				CLANG_WARN_BLOCK_CAPTURE_AUTORELEASING = YES;
				CLANG_WARN_BOOL_CONVERSION = YES;
				CLANG_WARN_COMMA = YES;
				CLANG_WARN_CONSTANT_CONVERSION = YES;
				CLANG_WARN_DEPRECATED_OBJC_IMPLEMENTATIONS = YES;
				CLANG_WARN_DIRECT_OBJC_ISA_USAGE = YES_ERROR;
				CLANG_WARN_DOCUMENTATION_COMMENTS = YES;
				CLANG_WARN_EMPTY_BODY = YES;
				CLANG_WARN_ENUM_CONVERSION = YES;
				CLANG_WARN_INFINITE_RECURSION = YES;
				CLANG_WARN_INT_CONVERSION = YES;
				CLANG_WARN_NON_LITERAL_NULL_CONVERSION = YES;
				CLANG_WARN_OBJC_IMPLICIT_RETAIN_SELF = YES;
				CLANG_WARN_OBJC_LITERAL_CONVERSION = YES;
				CLANG_WARN_OBJC_ROOT_CLASS = YES_ERROR;
				CLANG_WARN_QUOTED_INCLUDE_IN_FRAMEWORK_HEADER = YES;
				CLANG_WARN_RANGE_LOOP_ANALYSIS = YES;
				CLANG_WARN_STRICT_PROTOTYPES = YES;
				CLANG_WARN_SUSPICIOUS_MOVE = YES;
				CLANG_WARN_UNGUARDED_AVAILABILITY = YES_AGGRESSIVE;
				CLANG_WARN_UNREACHABLE_CODE = YES;
				CLANG_WARN__DUPLICATE_METHOD_MATCH = YES;
				COPY_PHASE_STRIP = NO;
				DEBUG_INFORMATION_FORMAT = "dwarf-with-dsym";
				ENABLE_NS_ASSERTIONS = NO;
				ENABLE_STRICT_OBJC_MSGSEND = YES;
				ENABLE_USER_SCRIPT_SANDBOXING = YES;
				GCC_C_LANGUAGE_STANDARD = gnu17;
				GCC_NO_COMMON_BLOCKS = YES;
				GCC_WARN_64_TO_32_BIT_CONVERSION = YES;
				GCC_WARN_ABOUT_RETURN_TYPE = YES_ERROR;
				GCC_WARN_UNDECLARED_SELECTOR = YES;
				GCC_WARN_UNINITIALIZED_AUTOS = YES_AGGRESSIVE;
				GCC_WARN_UNUSED_FUNCTION = YES;
				GCC_WARN_UNUSED_VARIABLE = YES;
				IPHONEOS_DEPLOYMENT_TARGET = 16.0;
				LOCALIZATION_PREFERS_STRING_CATALOGS = YES;
				MTL_ENABLE_DEBUG_INFO = NO;
				MTL_FAST_MATH = YES;
				SDKROOT = iphoneos;
				SWIFT_COMPILATION_MODE = wholemodule;
				VALIDATE_PRODUCT = YES;
			};
			name = Release;
		};
		4FC7532D2BFCAEC20005703D /* Debug */ = {
			isa = XCBuildConfiguration;
			buildSettings = {
				ASSETCATALOG_COMPILER_APPICON_NAME = AppIcon;
				ASSETCATALOG_COMPILER_GLOBAL_ACCENT_COLOR_NAME = AccentColor;
				CODE_SIGN_STYLE = Automatic;
				CURRENT_PROJECT_VERSION = 1;
				DEVELOPMENT_ASSET_PATHS = "\"ProductsAssignment/Preview Content\"";
				ENABLE_PREVIEWS = YES;
				GENERATE_INFOPLIST_FILE = YES;
				INFOPLIST_FILE = ProductsAssignment/Info.plist;
				INFOPLIST_KEY_CFBundleDisplayName = Products;
				INFOPLIST_KEY_LSApplicationCategoryType = "";
				INFOPLIST_KEY_UIApplicationSceneManifest_Generation = YES;
				INFOPLIST_KEY_UIApplicationSupportsIndirectInputEvents = YES;
				INFOPLIST_KEY_UISupportedInterfaceOrientations = UIInterfaceOrientationPortrait;
				IPHONEOS_DEPLOYMENT_TARGET = 16.0;
				LD_RUNPATH_SEARCH_PATHS = (
					"$(inherited)",
					"@executable_path/Frameworks",
				);
				MARKETING_VERSION = 1.0;
				PRODUCT_BUNDLE_IDENTIFIER = com.test.ProductsAssignment;
				PRODUCT_NAME = "$(TARGET_NAME)";
				SUPPORTED_PLATFORMS = "iphoneos iphonesimulator";
				SUPPORTS_MACCATALYST = NO;
				SUPPORTS_MAC_DESIGNED_FOR_IPHONE_IPAD = NO;
				SUPPORTS_XR_DESIGNED_FOR_IPHONE_IPAD = NO;
				SWIFT_EMIT_LOC_STRINGS = YES;
				SWIFT_VERSION = 5.0;
				TARGETED_DEVICE_FAMILY = "1,2";
			};
			name = Debug;
		};
		4FC7532E2BFCAEC20005703D /* Release */ = {
			isa = XCBuildConfiguration;
			buildSettings = {
				ASSETCATALOG_COMPILER_APPICON_NAME = AppIcon;
				ASSETCATALOG_COMPILER_GLOBAL_ACCENT_COLOR_NAME = AccentColor;
				CODE_SIGN_STYLE = Automatic;
				CURRENT_PROJECT_VERSION = 1;
				DEVELOPMENT_ASSET_PATHS = "\"ProductsAssignment/Preview Content\"";
				ENABLE_PREVIEWS = YES;
				GENERATE_INFOPLIST_FILE = YES;
				INFOPLIST_FILE = ProductsAssignment/Info.plist;
				INFOPLIST_KEY_CFBundleDisplayName = Products;
				INFOPLIST_KEY_LSApplicationCategoryType = "";
				INFOPLIST_KEY_UIApplicationSceneManifest_Generation = YES;
				INFOPLIST_KEY_UIApplicationSupportsIndirectInputEvents = YES;
				INFOPLIST_KEY_UISupportedInterfaceOrientations = UIInterfaceOrientationPortrait;
				IPHONEOS_DEPLOYMENT_TARGET = 16.0;
				LD_RUNPATH_SEARCH_PATHS = (
					"$(inherited)",
					"@executable_path/Frameworks",
				);
				MARKETING_VERSION = 1.0;
				PRODUCT_BUNDLE_IDENTIFIER = com.test.ProductsAssignment;
				PRODUCT_NAME = "$(TARGET_NAME)";
				SUPPORTED_PLATFORMS = "iphoneos iphonesimulator";
				SUPPORTS_MACCATALYST = NO;
				SUPPORTS_MAC_DESIGNED_FOR_IPHONE_IPAD = NO;
				SUPPORTS_XR_DESIGNED_FOR_IPHONE_IPAD = NO;
				SWIFT_EMIT_LOC_STRINGS = YES;
				SWIFT_VERSION = 5.0;
				TARGETED_DEVICE_FAMILY = "1,2";
			};
			name = Release;
		};
		4FD9277B2BFF15DA0030D0AD /* Debug */ = {
			isa = XCBuildConfiguration;
			buildSettings = {
				BUNDLE_LOADER = "$(TEST_HOST)";
				CODE_SIGN_STYLE = Automatic;
				CURRENT_PROJECT_VERSION = 1;
				GENERATE_INFOPLIST_FILE = YES;
				MARKETING_VERSION = 1.0;
				PRODUCT_BUNDLE_IDENTIFIER = com.test.ProductsAssignmentTests;
				PRODUCT_NAME = "$(TARGET_NAME)";
				SUPPORTED_PLATFORMS = "iphoneos iphonesimulator";
				SUPPORTS_MACCATALYST = NO;
				SUPPORTS_MAC_DESIGNED_FOR_IPHONE_IPAD = NO;
				SUPPORTS_XR_DESIGNED_FOR_IPHONE_IPAD = NO;
				SWIFT_EMIT_LOC_STRINGS = NO;
				SWIFT_VERSION = 5.0;
				TARGETED_DEVICE_FAMILY = "1,2";
				TEST_HOST = "$(BUILT_PRODUCTS_DIR)/ProductsAssignment.app/$(BUNDLE_EXECUTABLE_FOLDER_PATH)/ProductsAssignment";
			};
			name = Debug;
		};
		4FD9277C2BFF15DA0030D0AD /* Release */ = {
			isa = XCBuildConfiguration;
			buildSettings = {
				BUNDLE_LOADER = "$(TEST_HOST)";
				CODE_SIGN_STYLE = Automatic;
				CURRENT_PROJECT_VERSION = 1;
				GENERATE_INFOPLIST_FILE = YES;
				MARKETING_VERSION = 1.0;
				PRODUCT_BUNDLE_IDENTIFIER = com.test.ProductsAssignmentTests;
				PRODUCT_NAME = "$(TARGET_NAME)";
				SUPPORTED_PLATFORMS = "iphoneos iphonesimulator";
				SUPPORTS_MACCATALYST = NO;
				SUPPORTS_MAC_DESIGNED_FOR_IPHONE_IPAD = NO;
				SUPPORTS_XR_DESIGNED_FOR_IPHONE_IPAD = NO;
				SWIFT_EMIT_LOC_STRINGS = NO;
				SWIFT_VERSION = 5.0;
				TARGETED_DEVICE_FAMILY = "1,2";
				TEST_HOST = "$(BUILT_PRODUCTS_DIR)/ProductsAssignment.app/$(BUNDLE_EXECUTABLE_FOLDER_PATH)/ProductsAssignment";
			};
			name = Release;
		};
		4FD927BE2C0078470030D0AD /* Debug */ = {
			isa = XCBuildConfiguration;
			buildSettings = {
				CODE_SIGN_STYLE = Automatic;
				CURRENT_PROJECT_VERSION = 1;
				GENERATE_INFOPLIST_FILE = YES;
				MARKETING_VERSION = 1.0;
				PRODUCT_BUNDLE_IDENTIFIER = com.test.ProductAssignmentUITests;
				PRODUCT_NAME = "$(TARGET_NAME)";
				SUPPORTED_PLATFORMS = "iphoneos iphonesimulator";
				SUPPORTS_MACCATALYST = NO;
				SUPPORTS_MAC_DESIGNED_FOR_IPHONE_IPAD = NO;
				SUPPORTS_XR_DESIGNED_FOR_IPHONE_IPAD = NO;
				SWIFT_EMIT_LOC_STRINGS = NO;
				SWIFT_VERSION = 5.0;
				TARGETED_DEVICE_FAMILY = "1,2";
				TEST_TARGET_NAME = ProductsAssignment;
			};
			name = Debug;
		};
		4FD927BF2C0078470030D0AD /* Release */ = {
			isa = XCBuildConfiguration;
			buildSettings = {
				CODE_SIGN_STYLE = Automatic;
				CURRENT_PROJECT_VERSION = 1;
				GENERATE_INFOPLIST_FILE = YES;
				MARKETING_VERSION = 1.0;
				PRODUCT_BUNDLE_IDENTIFIER = com.test.ProductAssignmentUITests;
				PRODUCT_NAME = "$(TARGET_NAME)";
				SUPPORTED_PLATFORMS = "iphoneos iphonesimulator";
				SUPPORTS_MACCATALYST = NO;
				SUPPORTS_MAC_DESIGNED_FOR_IPHONE_IPAD = NO;
				SUPPORTS_XR_DESIGNED_FOR_IPHONE_IPAD = NO;
				SWIFT_EMIT_LOC_STRINGS = NO;
				SWIFT_VERSION = 5.0;
				TARGETED_DEVICE_FAMILY = "1,2";
				TEST_TARGET_NAME = ProductsAssignment;
			};
			name = Release;
		};
/* End XCBuildConfiguration section */

/* Begin XCConfigurationList section */
		4FC753192BFCAEC10005703D /* Build configuration list for PBXProject "ProductsAssignment" */ = {
			isa = XCConfigurationList;
			buildConfigurations = (
				4FC7532A2BFCAEC20005703D /* Debug */,
				4FC7532B2BFCAEC20005703D /* Release */,
			);
			defaultConfigurationIsVisible = 0;
			defaultConfigurationName = Release;
		};
		4FC7532C2BFCAEC20005703D /* Build configuration list for PBXNativeTarget "ProductsAssignment" */ = {
			isa = XCConfigurationList;
			buildConfigurations = (
				4FC7532D2BFCAEC20005703D /* Debug */,
				4FC7532E2BFCAEC20005703D /* Release */,
			);
			defaultConfigurationIsVisible = 0;
			defaultConfigurationName = Release;
		};
		4FD9277A2BFF15DA0030D0AD /* Build configuration list for PBXNativeTarget "ProductsAssignmentTests" */ = {
			isa = XCConfigurationList;
			buildConfigurations = (
				4FD9277B2BFF15DA0030D0AD /* Debug */,
				4FD9277C2BFF15DA0030D0AD /* Release */,
			);
			defaultConfigurationIsVisible = 0;
			defaultConfigurationName = Release;
		};
		4FD927BD2C0078470030D0AD /* Build configuration list for PBXNativeTarget "ProductAssignmentUITests" */ = {
			isa = XCConfigurationList;
			buildConfigurations = (
				4FD927BE2C0078470030D0AD /* Debug */,
				4FD927BF2C0078470030D0AD /* Release */,
			);
			defaultConfigurationIsVisible = 0;
			defaultConfigurationName = Release;
		};
/* End XCConfigurationList section */

/* Begin XCRemoteSwiftPackageReference section */
		4F0924FE2C13017E0026DFD4 /* XCRemoteSwiftPackageReference "Kingfisher" */ = {
			isa = XCRemoteSwiftPackageReference;
			repositoryURL = "https://github.com/onevcat/Kingfisher.git";
			requirement = {
				kind = upToNextMajorVersion;
				minimumVersion = 7.11.0;
			};
		};
/* End XCRemoteSwiftPackageReference section */

/* Begin XCSwiftPackageProductDependency section */
		4F0925022C1302C00026DFD4 /* Kingfisher */ = {
			isa = XCSwiftPackageProductDependency;
			package = 4F0924FE2C13017E0026DFD4 /* XCRemoteSwiftPackageReference "Kingfisher" */;
			productName = Kingfisher;
		};
/* End XCSwiftPackageProductDependency section */
	};
	rootObject = 4FC753162BFCAEC10005703D /* Project object */;
}
